
Microsoft Visual Studio Solution File, Format Version 12.00
# Visual Studio Version 17
VisualStudioVersion = 17.8.34511.84
MinimumVisualStudioVersion = 10.0.40219.1
Project("{FAE04EC0-301F-11D3-BF4B-00C04F79EFBC}") = "memefiC#", "memefiC#\memefiC#.csproj", "{D7D9CA2C-6B44-4FFA-9DCB-40820849E42D}"
EndProject
Global
	GlobalSection(SolutionConfigurationPlatforms) = preSolution
		Debug|Any CPU = Debug|Any CPU
		Release|Any CPU = Release|Any CPU
	EndGlobalSection
	GlobalSection(ProjectConfigurationPlatforms) = postSolution
		{D7D9CA2C-6B44-4FFA-9DCB-40820849E42D}.Debug|Any CPU.ActiveCfg = Debug|Any CPU
		{D7D9CA2C-6B44-4FFA-9DCB-40820849E42D}.Debug|Any CPU.Build.0 = Debug|Any CPU
		{D7D9CA2C-6B44-4FFA-9DCB-40820849E42D}.Release|Any CPU.ActiveCfg = Release|Any CPU
		{D7D9CA2C-6B44-4FFA-9DCB-40820849E42D}.Release|Any CPU.Build.0 = Release|Any CPU
	EndGlobalSection
	GlobalSection(SolutionProperties) = preSolution
		HideSolutionNode = FALSE
	EndGlobalSection
	GlobalSection(ExtensibilityGlobals) = postSolution
		SolutionGuid = {F2337D18-0215-46BC-8BA3-94E1B95119D8}
	EndGlobalSection
EndGlobal
